
Microsoft Visual Studio Solution File, Format Version 12.00
# Visual Studio 2012
Project("{FAE04EC0-301F-11D3-BF4B-00C04F79EFBC}") = "MetarLib", "MetarLib\MetarLib.csproj", "{8016935B-7C8B-47D1-B2AE-DEB0E5DA7131}"
EndProject
Project("{FAE04EC0-301F-11D3-BF4B-00C04F79EFBC}") = "MetarProgram", "MetarProgram\MetarProgram.csproj", "{2D35C493-6BCC-4A75-86FC-3C3BB55B1C6E}"
EndProject
Global
	GlobalSection(SolutionConfigurationPlatforms) = preSolution
		Debug|Any CPU = Debug|Any CPU
		Release|Any CPU = Release|Any CPU
	EndGlobalSection
	GlobalSection(ProjectConfigurationPlatforms) = postSolution
		{8016935B-7C8B-47D1-B2AE-DEB0E5DA7131}.Debug|Any CPU.ActiveCfg = Debug|Any CPU
		{8016935B-7C8B-47D1-B2AE-DEB0E5DA7131}.Debug|Any CPU.Build.0 = Debug|Any CPU
		{8016935B-7C8B-47D1-B2AE-DEB0E5DA7131}.Release|Any CPU.ActiveCfg = Release|Any CPU
		{8016935B-7C8B-47D1-B2AE-DEB0E5DA7131}.Release|Any CPU.Build.0 = Release|Any CPU
		{2D35C493-6BCC-4A75-86FC-3C3BB55B1C6E}.Debug|Any CPU.ActiveCfg = Debug|Any CPU
		{2D35C493-6BCC-4A75-86FC-3C3BB55B1C6E}.Debug|Any CPU.Build.0 = Debug|Any CPU
		{2D35C493-6BCC-4A75-86FC-3C3BB55B1C6E}.Release|Any CPU.ActiveCfg = Release|Any CPU
		{2D35C493-6BCC-4A75-86FC-3C3BB55B1C6E}.Release|Any CPU.Build.0 = Release|Any CPU
	EndGlobalSection
	GlobalSection(SolutionProperties) = preSolution
		HideSolutionNode = FALSE
	EndGlobalSection
EndGlobal
